
Microsoft Visual Studio Solution File, Format Version 12.00
# Visual Studio Version 17
VisualStudioVersion = 17.1.32228.430
MinimumVisualStudioVersion = 10.0.40219.1
Project("{9A19103F-16F7-4668-BE54-9A1E7A4F7556}") = "inheritance_demo9", "inheritance_demo9.csproj", "{64A3035B-04B4-428B-B34F-883AEDB7DD6F}"
EndProject
Global
	GlobalSection(SolutionConfigurationPlatforms) = preSolution
		Debug|Any CPU = Debug|Any CPU
		Release|Any CPU = Release|Any CPU
	EndGlobalSection
	GlobalSection(ProjectConfigurationPlatforms) = postSolution
		{64A3035B-04B4-428B-B34F-883AEDB7DD6F}.Debug|Any CPU.ActiveCfg = Debug|Any CPU
		{64A3035B-04B4-428B-B34F-883AEDB7DD6F}.Debug|Any CPU.Build.0 = Debug|Any CPU
		{64A3035B-04B4-428B-B34F-883AEDB7DD6F}.Release|Any CPU.ActiveCfg = Release|Any CPU
		{64A3035B-04B4-428B-B34F-883AEDB7DD6F}.Release|Any CPU.Build.0 = Release|Any CPU
	EndGlobalSection
	GlobalSection(SolutionProperties) = preSolution
		HideSolutionNode = FALSE
	EndGlobalSection
	GlobalSection(ExtensibilityGlobals) = postSolution
		SolutionGuid = {7C1CE28A-F788-40E1-A2A1-734A2364FCAF}
	EndGlobalSection
EndGlobal
