
Microsoft Visual Studio Solution File, Format Version 12.00
# Visual Studio Version 17
VisualStudioVersion = 17.1.32228.430
MinimumVisualStudioVersion = 10.0.40219.1
Project("{9A19103F-16F7-4668-BE54-9A1E7A4F7556}") = "inheritance_demo7", "inheritance_demo7.csproj", "{49B20825-6813-4076-B250-9D5DF87AACFF}"
EndProject
Global
	GlobalSection(SolutionConfigurationPlatforms) = preSolution
		Debug|Any CPU = Debug|Any CPU
		Release|Any CPU = Release|Any CPU
	EndGlobalSection
	GlobalSection(ProjectConfigurationPlatforms) = postSolution
		{49B20825-6813-4076-B250-9D5DF87AACFF}.Debug|Any CPU.ActiveCfg = Debug|Any CPU
		{49B20825-6813-4076-B250-9D5DF87AACFF}.Debug|Any CPU.Build.0 = Debug|Any CPU
		{49B20825-6813-4076-B250-9D5DF87AACFF}.Release|Any CPU.ActiveCfg = Release|Any CPU
		{49B20825-6813-4076-B250-9D5DF87AACFF}.Release|Any CPU.Build.0 = Release|Any CPU
	EndGlobalSection
	GlobalSection(SolutionProperties) = preSolution
		HideSolutionNode = FALSE
	EndGlobalSection
	GlobalSection(ExtensibilityGlobals) = postSolution
		SolutionGuid = {DDF09D7A-F3DC-4082-9C35-BBA9829375C2}
	EndGlobalSection
EndGlobal
