
Microsoft Visual Studio Solution File, Format Version 12.00
# Visual Studio Version 17
VisualStudioVersion = 17.1.32228.430
MinimumVisualStudioVersion = 10.0.40219.1
Project("{9A19103F-16F7-4668-BE54-9A1E7A4F7556}") = "collection_demo3", "collection_demo3.csproj", "{89919436-6125-47FE-9EE0-F4518B498D24}"
EndProject
Global
	GlobalSection(SolutionConfigurationPlatforms) = preSolution
		Debug|Any CPU = Debug|Any CPU
		Release|Any CPU = Release|Any CPU
	EndGlobalSection
	GlobalSection(ProjectConfigurationPlatforms) = postSolution
		{89919436-6125-47FE-9EE0-F4518B498D24}.Debug|Any CPU.ActiveCfg = Debug|Any CPU
		{89919436-6125-47FE-9EE0-F4518B498D24}.Debug|Any CPU.Build.0 = Debug|Any CPU
		{89919436-6125-47FE-9EE0-F4518B498D24}.Release|Any CPU.ActiveCfg = Release|Any CPU
		{89919436-6125-47FE-9EE0-F4518B498D24}.Release|Any CPU.Build.0 = Release|Any CPU
	EndGlobalSection
	GlobalSection(SolutionProperties) = preSolution
		HideSolutionNode = FALSE
	EndGlobalSection
	GlobalSection(ExtensibilityGlobals) = postSolution
		SolutionGuid = {8F47F768-566F-42FC-B0B1-D0C9BE1EA986}
	EndGlobalSection
EndGlobal
